// !$*UTF8*$!
{
	archiveVersion = 1;
	classes = {
	};
	objectVersion = 77;
	objects = {

/* Begin PBXContainerItemProxy section */
		468B9ACD2D7182AB00A161B9 /* PBXContainerItemProxy */ = {
			isa = PBXContainerItemProxy;
			containerPortal = 468B9AB42D7182AA00A161B9 /* Project object */;
			proxyType = 1;
			remoteGlobalIDString = 468B9ABB2D7182AA00A161B9;
			remoteInfo = Craftify;
		};
		468B9AD72D7182AB00A161B9 /* PBXContainerItemProxy */ = {
			isa = PBXContainerItemProxy;
			containerPortal = 468B9AB42D7182AA00A161B9 /* Project object */;
			proxyType = 1;
			remoteGlobalIDString = 468B9ABB2D7182AA00A161B9;
			remoteInfo = Craftify;
		};
/* End PBXContainerItemProxy section */

/* Begin PBXFileReference section */
		468B9ABC2D7182AA00A161B9 /* Craftify.app */ = {isa = PBXFileReference; explicitFileType = wrapper.application; includeInIndex = 0; path = Craftify.app; sourceTree = BUILT_PRODUCTS_DIR; };
		468B9ACC2D7182AB00A161B9 /* CraftifyTests.xctest */ = {isa = PBXFileReference; explicitFileType = wrapper.cfbundle; includeInIndex = 0; path = CraftifyTests.xctest; sourceTree = BUILT_PRODUCTS_DIR; };
		468B9AD62D7182AB00A161B9 /* CraftifyUITests.xctest */ = {isa = PBXFileReference; explicitFileType = wrapper.cfbundle; includeInIndex = 0; path = CraftifyUITests.xctest; sourceTree = BUILT_PRODUCTS_DIR; };
/* End PBXFileReference section */

/* Begin PBXFileSystemSynchronizedBuildFileExceptionSet section */
		B13BBB3E2D765CFB00988BB6 /* Exceptions for "Craftify" folder in "Craftify" target */ = {
			isa = PBXFileSystemSynchronizedBuildFileExceptionSet;
			membershipExceptions = (
				Info.plist,
			);
			target = 468B9ABB2D7182AA00A161B9 /* Craftify */;
		};
/* End PBXFileSystemSynchronizedBuildFileExceptionSet section */

/* Begin PBXFileSystemSynchronizedRootGroup section */
		468B9ABE2D7182AA00A161B9 /* Craftify */ = {
			isa = PBXFileSystemSynchronizedRootGroup;
			exceptions = (
				B13BBB3E2D765CFB00988BB6 /* Exceptions for "Craftify" folder in "Craftify" target */,
			);
			path = Craftify;
			sourceTree = "<group>";
		};
		468B9ACF2D7182AB00A161B9 /* CraftifyTests */ = {
			isa = PBXFileSystemSynchronizedRootGroup;
			path = CraftifyTests;
			sourceTree = "<group>";
		};
		468B9AD92D7182AB00A161B9 /* CraftifyUITests */ = {
			isa = PBXFileSystemSynchronizedRootGroup;
			path = CraftifyUITests;
			sourceTree = "<group>";
		};
/* End PBXFileSystemSynchronizedRootGroup section */

/* Begin PBXFrameworksBuildPhase section */
		468B9AB92D7182AA00A161B9 /* Frameworks */ = {
			isa = PBXFrameworksBuildPhase;
			buildActionMask = 2147483647;
			files = (
			);
			runOnlyForDeploymentPostprocessing = 0;
		};
		468B9AC92D7182AB00A161B9 /* Frameworks */ = {
			isa = PBXFrameworksBuildPhase;
			buildActionMask = 2147483647;
			files = (
			);
			runOnlyForDeploymentPostprocessing = 0;
		};
		468B9AD32D7182AB00A161B9 /* Frameworks */ = {
			isa = PBXFrameworksBuildPhase;
			buildActionMask = 2147483647;
			files = (
			);
			runOnlyForDeploymentPostprocessing = 0;
		};
/* End PBXFrameworksBuildPhase section */

/* Begin PBXGroup section */
		468B9AB32D7182AA00A161B9 = {
			isa = PBXGroup;
			children = (
				468B9ABE2D7182AA00A161B9 /* Craftify */,
				468B9ACF2D7182AB00A161B9 /* CraftifyTests */,
				468B9AD92D7182AB00A161B9 /* CraftifyUITests */,
				468B9ABD2D7182AA00A161B9 /* Products */,
			);
			sourceTree = "<group>";
		};
		468B9ABD2D7182AA00A161B9 /* Products */ = {
			isa = PBXGroup;
			children = (
				468B9ABC2D7182AA00A161B9 /* Craftify.app */,
				468B9ACC2D7182AB00A161B9 /* CraftifyTests.xctest */,
				468B9AD62D7182AB00A161B9 /* CraftifyUITests.xctest */,
			);
			name = Products;
			sourceTree = "<group>";
		};
/* End PBXGroup section */

/* Begin PBXNativeTarget section */
		468B9ABB2D7182AA00A161B9 /* Craftify */ = {
			isa = PBXNativeTarget;
			buildConfigurationList = 468B9AE02D7182AB00A161B9 /* Build configuration list for PBXNativeTarget "Craftify" */;
			buildPhases = (
				468B9AB82D7182AA00A161B9 /* Sources */,
				468B9AB92D7182AA00A161B9 /* Frameworks */,
				468B9ABA2D7182AA00A161B9 /* Resources */,
			);
			buildRules = (
			);
			dependencies = (
			);
			fileSystemSynchronizedGroups = (
				468B9ABE2D7182AA00A161B9 /* Craftify */,
			);
			name = Craftify;
			packageProductDependencies = (
			);
			productName = Craftify;
			productReference = 468B9ABC2D7182AA00A161B9 /* Craftify.app */;
			productType = "com.apple.product-type.application";
		};
		468B9ACB2D7182AB00A161B9 /* CraftifyTests */ = {
			isa = PBXNativeTarget;
			buildConfigurationList = 468B9AE32D7182AB00A161B9 /* Build configuration list for PBXNativeTarget "CraftifyTests" */;
			buildPhases = (
				468B9AC82D7182AB00A161B9 /* Sources */,
				468B9AC92D7182AB00A161B9 /* Frameworks */,
				468B9ACA2D7182AB00A161B9 /* Resources */,
			);
			buildRules = (
			);
			dependencies = (
				468B9ACE2D7182AB00A161B9 /* PBXTargetDependency */,
			);
			fileSystemSynchronizedGroups = (
				468B9ACF2D7182AB00A161B9 /* CraftifyTests */,
			);
			name = CraftifyTests;
			packageProductDependencies = (
			);
			productName = CraftifyTests;
			productReference = 468B9ACC2D7182AB00A161B9 /* CraftifyTests.xctest */;
			productType = "com.apple.product-type.bundle.unit-test";
		};
		468B9AD52D7182AB00A161B9 /* CraftifyUITests */ = {
			isa = PBXNativeTarget;
			buildConfigurationList = 468B9AE62D7182AB00A161B9 /* Build configuration list for PBXNativeTarget "CraftifyUITests" */;
			buildPhases = (
				468B9AD22D7182AB00A161B9 /* Sources */,
				468B9AD32D7182AB00A161B9 /* Frameworks */,
				468B9AD42D7182AB00A161B9 /* Resources */,
			);
			buildRules = (
			);
			dependencies = (
				468B9AD82D7182AB00A161B9 /* PBXTargetDependency */,
			);
			fileSystemSynchronizedGroups = (
				468B9AD92D7182AB00A161B9 /* CraftifyUITests */,
			);
			name = CraftifyUITests;
			packageProductDependencies = (
			);
			productName = CraftifyUITests;
			productReference = 468B9AD62D7182AB00A161B9 /* CraftifyUITests.xctest */;
			productType = "com.apple.product-type.bundle.ui-testing";
		};
/* End PBXNativeTarget section */

/* Begin PBXProject section */
		468B9AB42D7182AA00A161B9 /* Project object */ = {
			isa = PBXProject;
			attributes = {
				BuildIndependentTargetsInParallel = 1;
				LastSwiftUpdateCheck = 1620;
				LastUpgradeCheck = 1620;
				TargetAttributes = {
					468B9ABB2D7182AA00A161B9 = {
						CreatedOnToolsVersion = 16.2;
					};
					468B9ACB2D7182AB00A161B9 = {
						CreatedOnToolsVersion = 16.2;
						TestTargetID = 468B9ABB2D7182AA00A161B9;
					};
					468B9AD52D7182AB00A161B9 = {
						CreatedOnToolsVersion = 16.2;
						TestTargetID = 468B9ABB2D7182AA00A161B9;
					};
				};
			};
			buildConfigurationList = 468B9AB72D7182AA00A161B9 /* Build configuration list for PBXProject "Craftify" */;
			developmentRegion = en;
			hasScannedForEncodings = 0;
			knownRegions = (
				en,
				Base,
			);
			mainGroup = 468B9AB32D7182AA00A161B9;
			minimizedProjectReferenceProxies = 1;
			preferredProjectObjectVersion = 77;
			productRefGroup = 468B9ABD2D7182AA00A161B9 /* Products */;
			projectDirPath = "";
			projectRoot = "";
			targets = (
				468B9ABB2D7182AA00A161B9 /* Craftify */,
				468B9ACB2D7182AB00A161B9 /* CraftifyTests */,
				468B9AD52D7182AB00A161B9 /* CraftifyUITests */,
			);
		};
/* End PBXProject section */

/* Begin PBXResourcesBuildPhase section */
		468B9ABA2D7182AA00A161B9 /* Resources */ = {
			isa = PBXResourcesBuildPhase;
			buildActionMask = 2147483647;
			files = (
			);
			runOnlyForDeploymentPostprocessing = 0;
		};
		468B9ACA2D7182AB00A161B9 /* Resources */ = {
			isa = PBXResourcesBuildPhase;
			buildActionMask = 2147483647;
			files = (
			);
			runOnlyForDeploymentPostprocessing = 0;
		};
		468B9AD42D7182AB00A161B9 /* Resources */ = {
			isa = PBXResourcesBuildPhase;
			buildActionMask = 2147483647;
			files = (
			);
			runOnlyForDeploymentPostprocessing = 0;
		};
/* End PBXResourcesBuildPhase section */

/* Begin PBXSourcesBuildPhase section */
		468B9AB82D7182AA00A161B9 /* Sources */ = {
			isa = PBXSourcesBuildPhase;
			buildActionMask = 2147483647;
			files = (
			);
			runOnlyForDeploymentPostprocessing = 0;
		};
		468B9AC82D7182AB00A161B9 /* Sources */ = {
			isa = PBXSourcesBuildPhase;
			buildActionMask = 2147483647;
			files = (
			);
			runOnlyForDeploymentPostprocessing = 0;
		};
		468B9AD22D7182AB00A161B9 /* Sources */ = {
			isa = PBXSourcesBuildPhase;
			buildActionMask = 2147483647;
			files = (
			);
			runOnlyForDeploymentPostprocessing = 0;
		};
/* End PBXSourcesBuildPhase section */

/* Begin PBXTargetDependency section */
		468B9ACE2D7182AB00A161B9 /* PBXTargetDependency */ = {
			isa = PBXTargetDependency;
			target = 468B9ABB2D7182AA00A161B9 /* Craftify */;
			targetProxy = 468B9ACD2D7182AB00A161B9 /* PBXContainerItemProxy */;
		};
		468B9AD82D7182AB00A161B9 /* PBXTargetDependency */ = {
			isa = PBXTargetDependency;
			target = 468B9ABB2D7182AA00A161B9 /* Craftify */;
			targetProxy = 468B9AD72D7182AB00A161B9 /* PBXContainerItemProxy */;
		};
/* End PBXTargetDependency section */

/* Begin XCBuildConfiguration section */
		468B9ADE2D7182AB00A161B9 /* Debug */ = {
			isa = XCBuildConfiguration;
			buildSettings = {
				ALWAYS_SEARCH_USER_PATHS = NO;
				ASSETCATALOG_COMPILER_GENERATE_SWIFT_ASSET_SYMBOL_EXTENSIONS = YES;
				CLANG_ANALYZER_NONNULL = YES;
				CLANG_ANALYZER_NUMBER_OBJECT_CONVERSION = YES_AGGRESSIVE;
				CLANG_CXX_LANGUAGE_STANDARD = "gnu++20";
				CLANG_ENABLE_MODULES = YES;
				CLANG_ENABLE_OBJC_ARC = YES;
				CLANG_ENABLE_OBJC_WEAK = YES;
				CLANG_WARN_BLOCK_CAPTURE_AUTORELEASING = YES;
				CLANG_WARN_BOOL_CONVERSION = YES;
				CLANG_WARN_COMMA = YES;
				CLANG_WARN_CONSTANT_CONVERSION = YES;
				CLANG_WARN_DEPRECATED_OBJC_IMPLEMENTATIONS = YES;
				CLANG_WARN_DIRECT_OBJC_ISA_USAGE = YES_ERROR;
				CLANG_WARN_DOCUMENTATION_COMMENTS = YES;
				CLANG_WARN_EMPTY_BODY = YES;
				CLANG_WARN_ENUM_CONVERSION = YES;
				CLANG_WARN_INFINITE_RECURSION = YES;
				CLANG_WARN_INT_CONVERSION = YES;
				CLANG_WARN_NON_LITERAL_NULL_CONVERSION = YES;
				CLANG_WARN_OBJC_IMPLICIT_RETAIN_SELF = YES;
				CLANG_WARN_OBJC_LITERAL_CONVERSION = YES;
				CLANG_WARN_OBJC_ROOT_CLASS = YES_ERROR;
				CLANG_WARN_QUOTED_INCLUDE_IN_FRAMEWORK_HEADER = YES;
				CLANG_WARN_RANGE_LOOP_ANALYSIS = YES;
				CLANG_WARN_STRICT_PROTOTYPES = YES;
				CLANG_WARN_SUSPICIOUS_MOVE = YES;
				CLANG_WARN_UNGUARDED_AVAILABILITY = YES_AGGRESSIVE;
				CLANG_WARN_UNREACHABLE_CODE = YES;
				CLANG_WARN__DUPLICATE_METHOD_MATCH = YES;
				COPY_PHASE_STRIP = NO;
				DEBUG_INFORMATION_FORMAT = dwarf;
				ENABLE_STRICT_OBJC_MSGSEND = YES;
				ENABLE_TESTABILITY = YES;
				ENABLE_USER_SCRIPT_SANDBOXING = YES;
				GCC_C_LANGUAGE_STANDARD = gnu17;
				GCC_DYNAMIC_NO_PIC = NO;
				GCC_NO_COMMON_BLOCKS = YES;
				GCC_OPTIMIZATION_LEVEL = 0;
				GCC_PREPROCESSOR_DEFINITIONS = (
					"DEBUG=1",
					"$(inherited)",
				);
				GCC_WARN_64_TO_32_BIT_CONVERSION = YES;
				GCC_WARN_ABOUT_RETURN_TYPE = YES_ERROR;
				GCC_WARN_UNDECLARED_SELECTOR = YES;
				GCC_WARN_UNINITIALIZED_AUTOS = YES_AGGRESSIVE;
				GCC_WARN_UNUSED_FUNCTION = YES;
				GCC_WARN_UNUSED_VARIABLE = YES;
				IPHONEOS_DEPLOYMENT_TARGET = 18.2;
				LOCALIZATION_PREFERS_STRING_CATALOGS = YES;
				MTL_ENABLE_DEBUG_INFO = INCLUDE_SOURCE;
				MTL_FAST_MATH = YES;
				ONLY_ACTIVE_ARCH = YES;
				SDKROOT = iphoneos;
				SWIFT_ACTIVE_COMPILATION_CONDITIONS = "DEBUG $(inherited)";
				SWIFT_OPTIMIZATION_LEVEL = "-Onone";
			};
			name = Debug;
		};
		468B9ADF2D7182AB00A161B9 /* Release */ = {
			isa = XCBuildConfiguration;
			buildSettings = {
				ALWAYS_SEARCH_USER_PATHS = NO;
				ASSETCATALOG_COMPILER_GENERATE_SWIFT_ASSET_SYMBOL_EXTENSIONS = YES;
				CLANG_ANALYZER_NONNULL = YES;
				CLANG_ANALYZER_NUMBER_OBJECT_CONVERSION = YES_AGGRESSIVE;
				CLANG_CXX_LANGUAGE_STANDARD = "gnu++20";
				CLANG_ENABLE_MODULES = YES;
				CLANG_ENABLE_OBJC_ARC = YES;
				CLANG_ENABLE_OBJC_WEAK = YES;
				CLANG_WARN_BLOCK_CAPTURE_AUTORELEASING = YES;
				CLANG_WARN_BOOL_CONVERSION = YES;
				CLANG_WARN_COMMA = YES;
				CLANG_WARN_CONSTANT_CONVERSION = YES;
				CLANG_WARN_DEPRECATED_OBJC_IMPLEMENTATIONS = YES;
				CLANG_WARN_DIRECT_OBJC_ISA_USAGE = YES_ERROR;
				CLANG_WARN_DOCUMENTATION_COMMENTS = YES;
				CLANG_WARN_EMPTY_BODY = YES;
				CLANG_WARN_ENUM_CONVERSION = YES;
				CLANG_WARN_INFINITE_RECURSION = YES;
				CLANG_WARN_INT_CONVERSION = YES;
				CLANG_WARN_NON_LITERAL_NULL_CONVERSION = YES;
				CLANG_WARN_OBJC_IMPLICIT_RETAIN_SELF = YES;
				CLANG_WARN_OBJC_LITERAL_CONVERSION = YES;
				CLANG_WARN_OBJC_ROOT_CLASS = YES_ERROR;
				CLANG_WARN_QUOTED_INCLUDE_IN_FRAMEWORK_HEADER = YES;
				CLANG_WARN_RANGE_LOOP_ANALYSIS = YES;
				CLANG_WARN_STRICT_PROTOTYPES = YES;
				CLANG_WARN_SUSPICIOUS_MOVE = YES;
				CLANG_WARN_UNGUARDED_AVAILABILITY = YES_AGGRESSIVE;
				CLANG_WARN_UNREACHABLE_CODE = YES;
				CLANG_WARN__DUPLICATE_METHOD_MATCH = YES;
				COPY_PHASE_STRIP = NO;
				DEBUG_INFORMATION_FORMAT = "dwarf-with-dsym";
				ENABLE_NS_ASSERTIONS = NO;
				ENABLE_STRICT_OBJC_MSGSEND = YES;
				ENABLE_USER_SCRIPT_SANDBOXING = YES;
				GCC_C_LANGUAGE_STANDARD = gnu17;
				GCC_NO_COMMON_BLOCKS = YES;
				GCC_WARN_64_TO_32_BIT_CONVERSION = YES;
				GCC_WARN_ABOUT_RETURN_TYPE = YES_ERROR;
				GCC_WARN_UNDECLARED_SELECTOR = YES;
				GCC_WARN_UNINITIALIZED_AUTOS = YES_AGGRESSIVE;
				GCC_WARN_UNUSED_FUNCTION = YES;
				GCC_WARN_UNUSED_VARIABLE = YES;
				IPHONEOS_DEPLOYMENT_TARGET = 18.2;
				LOCALIZATION_PREFERS_STRING_CATALOGS = YES;
				MTL_ENABLE_DEBUG_INFO = NO;
				MTL_FAST_MATH = YES;
				SDKROOT = iphoneos;
				SWIFT_COMPILATION_MODE = wholemodule;
				VALIDATE_PRODUCT = YES;
			};
			name = Release;
		};
		468B9AE12D7182AB00A161B9 /* Debug */ = {
			isa = XCBuildConfiguration;
			buildSettings = {
				ASSETCATALOG_COMPILER_APPICON_NAME = AppIcon;
				ASSETCATALOG_COMPILER_GLOBAL_ACCENT_COLOR_NAME = AccentColor;
				CODE_SIGN_STYLE = Automatic;
				CURRENT_PROJECT_VERSION = 1;
				DEVELOPMENT_ASSET_PATHS = "\"Craftify/Preview Content\"";
				DEVELOPMENT_TEAM = 9U5U2SMU89;
				ENABLE_PREVIEWS = YES;
				GENERATE_INFOPLIST_FILE = YES;
				INFOPLIST_FILE = Craftify/Info.plist;
				INFOPLIST_KEY_UIApplicationSceneManifest_Generation = YES;
				INFOPLIST_KEY_UIApplicationSupportsIndirectInputEvents = YES;
				INFOPLIST_KEY_UILaunchScreen_Generation = YES;
				INFOPLIST_KEY_UISupportedInterfaceOrientations_iPad = "UIInterfaceOrientationPortrait UIInterfaceOrientationPortraitUpsideDown UIInterfaceOrientationLandscapeLeft UIInterfaceOrientationLandscapeRight";
				INFOPLIST_KEY_UISupportedInterfaceOrientations_iPhone = "UIInterfaceOrientationPortrait UIInterfaceOrientationLandscapeLeft UIInterfaceOrientationLandscapeRight";
				IPHONEOS_DEPLOYMENT_TARGET = 18.0;
				LD_RUNPATH_SEARCH_PATHS = (
					"$(inherited)",
					"@executable_path/Frameworks",
				);
				MARKETING_VERSION = 1.0;
				PRODUCT_BUNDLE_IDENTIFIER = com.Maram.Craftify;
				PRODUCT_NAME = "$(TARGET_NAME)";
				SWIFT_EMIT_LOC_STRINGS = YES;
				SWIFT_VERSION = 5.0;
				TARGETED_DEVICE_FAMILY = "1,2";
			};
			name = Debug;
		};
		468B9AE22D7182AB00A161B9 /* Release */ = {
			isa = XCBuildConfiguration;
			buildSettings = {
				ASSETCATALOG_COMPILER_APPICON_NAME = AppIcon;
				ASSETCATALOG_COMPILER_GLOBAL_ACCENT_COLOR_NAME = AccentColor;
				CODE_SIGN_STYLE = Automatic;
				CURRENT_PROJECT_VERSION = 1;
				DEVELOPMENT_ASSET_PATHS = "\"Craftify/Preview Content\"";
				DEVELOPMENT_TEAM = 9U5U2SMU89;
				ENABLE_PREVIEWS = YES;
				GENERATE_INFOPLIST_FILE = YES;
				INFOPLIST_FILE = Craftify/Info.plist;
				INFOPLIST_KEY_UIApplicationSceneManifest_Generation = YES;
				INFOPLIST_KEY_UIApplicationSupportsIndirectInputEvents = YES;
				INFOPLIST_KEY_UILaunchScreen_Generation = YES;
				INFOPLIST_KEY_UISupportedInterfaceOrientations_iPad = "UIInterfaceOrientationPortrait UIInterfaceOrientationPortraitUpsideDown UIInterfaceOrientationLandscapeLeft UIInterfaceOrientationLandscapeRight";
				INFOPLIST_KEY_UISupportedInterfaceOrientations_iPhone = "UIInterfaceOrientationPortrait UIInterfaceOrientationLandscapeLeft UIInterfaceOrientationLandscapeRight";
				IPHONEOS_DEPLOYMENT_TARGET = 18.0;
				LD_RUNPATH_SEARCH_PATHS = (
					"$(inherited)",
					"@executable_path/Frameworks",
				);
				MARKETING_VERSION = 1.0;
				PRODUCT_BUNDLE_IDENTIFIER = com.Maram.Craftify;
				PRODUCT_NAME = "$(TARGET_NAME)";
				SWIFT_EMIT_LOC_STRINGS = YES;
				SWIFT_VERSION = 5.0;
				TARGETED_DEVICE_FAMILY = "1,2";
			};
			name = Release;
		};
		468B9AE42D7182AB00A161B9 /* Debug */ = {
			isa = XCBuildConfiguration;
			buildSettings = {
				BUNDLE_LOADER = "$(TEST_HOST)";
				CODE_SIGN_STYLE = Automatic;
				CURRENT_PROJECT_VERSION = 1;
				GENERATE_INFOPLIST_FILE = YES;
				IPHONEOS_DEPLOYMENT_TARGET = 18.2;
				MARKETING_VERSION = 1.0;
				PRODUCT_BUNDLE_IDENTIFIER = com.Maram.CraftifyTests;
				PRODUCT_NAME = "$(TARGET_NAME)";
				SWIFT_EMIT_LOC_STRINGS = NO;
				SWIFT_VERSION = 5.0;
				TARGETED_DEVICE_FAMILY = "1,2";
				TEST_HOST = "$(BUILT_PRODUCTS_DIR)/Craftify.app/$(BUNDLE_EXECUTABLE_FOLDER_PATH)/Craftify";
			};
			name = Debug;
		};
		468B9AE52D7182AB00A161B9 /* Release */ = {
			isa = XCBuildConfiguration;
			buildSettings = {
				BUNDLE_LOADER = "$(TEST_HOST)";
				CODE_SIGN_STYLE = Automatic;
				CURRENT_PROJECT_VERSION = 1;
				GENERATE_INFOPLIST_FILE = YES;
				IPHONEOS_DEPLOYMENT_TARGET = 18.2;
				MARKETING_VERSION = 1.0;
				PRODUCT_BUNDLE_IDENTIFIER = com.Maram.CraftifyTests;
				PRODUCT_NAME = "$(TARGET_NAME)";
				SWIFT_EMIT_LOC_STRINGS = NO;
				SWIFT_VERSION = 5.0;
				TARGETED_DEVICE_FAMILY = "1,2";
				TEST_HOST = "$(BUILT_PRODUCTS_DIR)/Craftify.app/$(BUNDLE_EXECUTABLE_FOLDER_PATH)/Craftify";
			};
			name = Release;
		};
		468B9AE72D7182AB00A161B9 /* Debug */ = {
			isa = XCBuildConfiguration;
			buildSettings = {
				CODE_SIGN_STYLE = Automatic;
				CURRENT_PROJECT_VERSION = 1;
				GENERATE_INFOPLIST_FILE = YES;
				MARKETING_VERSION = 1.0;
				PRODUCT_BUNDLE_IDENTIFIER = com.Maram.CraftifyUITests;
				PRODUCT_NAME = "$(TARGET_NAME)";
				SWIFT_EMIT_LOC_STRINGS = NO;
				SWIFT_VERSION = 5.0;
				TARGETED_DEVICE_FAMILY = "1,2";
				TEST_TARGET_NAME = Craftify;
			};
			name = Debug;
		};
		468B9AE82D7182AB00A161B9 /* Release */ = {
			isa = XCBuildConfiguration;
			buildSettings = {
				CODE_SIGN_STYLE = Automatic;
				CURRENT_PROJECT_VERSION = 1;
				GENERATE_INFOPLIST_FILE = YES;
				MARKETING_VERSION = 1.0;
				PRODUCT_BUNDLE_IDENTIFIER = com.Maram.CraftifyUITests;
				PRODUCT_NAME = "$(TARGET_NAME)";
				SWIFT_EMIT_LOC_STRINGS = NO;
				SWIFT_VERSION = 5.0;
				TARGETED_DEVICE_FAMILY = "1,2";
				TEST_TARGET_NAME = Craftify;
			};
			name = Release;
		};
/* End XCBuildConfiguration section */

/* Begin XCConfigurationList section */
		468B9AB72D7182AA00A161B9 /* Build configuration list for PBXProject "Craftify" */ = {
			isa = XCConfigurationList;
			buildConfigurations = (
				468B9ADE2D7182AB00A161B9 /* Debug */,
				468B9ADF2D7182AB00A161B9 /* Release */,
			);
			defaultConfigurationIsVisible = 0;
			defaultConfigurationName = Release;
		};
		468B9AE02D7182AB00A161B9 /* Build configuration list for PBXNativeTarget "Craftify" */ = {
			isa = XCConfigurationList;
			buildConfigurations = (
				468B9AE12D7182AB00A161B9 /* Debug */,
				468B9AE22D7182AB00A161B9 /* Release */,
			);
			defaultConfigurationIsVisible = 0;
			defaultConfigurationName = Release;
		};
		468B9AE32D7182AB00A161B9 /* Build configuration list for PBXNativeTarget "CraftifyTests" */ = {
			isa = XCConfigurationList;
			buildConfigurations = (
				468B9AE42D7182AB00A161B9 /* Debug */,
				468B9AE52D7182AB00A161B9 /* Release */,
			);
			defaultConfigurationIsVisible = 0;
			defaultConfigurationName = Release;
		};
		468B9AE62D7182AB00A161B9 /* Build configuration list for PBXNativeTarget "CraftifyUITests" */ = {
			isa = XCConfigurationList;
			buildConfigurations = (
				468B9AE72D7182AB00A161B9 /* Debug */,
				468B9AE82D7182AB00A161B9 /* Release */,
			);
			defaultConfigurationIsVisible = 0;
			defaultConfigurationName = Release;
		};
/* End XCConfigurationList section */
	};
	rootObject = 468B9AB42D7182AA00A161B9 /* Project object */;
}
